
Microsoft Visual Studio Solution File, Format Version 12.00
# Visual Studio Version 17
VisualStudioVersion = 17.3.32901.215
MinimumVisualStudioVersion = 10.0.40219.1
Project("{E24C65DC-7377-472B-9ABA-BC803B73C61A}") = "anti-plagiarism/css", "http://localhost:63167/css", "{00F2F942-D816-4384-8892-22E29C76DB5E}"
	ProjectSection(WebsiteProperties) = preProject
		UseIISExpress = "true"
		TargetFrameworkMoniker = ".NETFramework,Version%3Dv4.8"
		Debug.AspNetCompiler.VirtualPath = "/css"
		Debug.AspNetCompiler.PhysicalPath = "..\..\..\OneDrive\Документы\My Web Sites\anti-plagiarism\css\"
		Debug.AspNetCompiler.TargetPath = "PrecompiledWeb\css\"
		Debug.AspNetCompiler.Updateable = "true"
		Debug.AspNetCompiler.ForceOverwrite = "true"
		Debug.AspNetCompiler.FixedNames = "false"
		Debug.AspNetCompiler.Debug = "True"
		Release.AspNetCompiler.VirtualPath = "/css"
		Release.AspNetCompiler.PhysicalPath = "..\..\..\OneDrive\Документы\My Web Sites\anti-plagiarism\css\"
		Release.AspNetCompiler.TargetPath = "PrecompiledWeb\css\"
		Release.AspNetCompiler.Updateable = "true"
		Release.AspNetCompiler.ForceOverwrite = "true"
		Release.AspNetCompiler.FixedNames = "false"
		Release.AspNetCompiler.Debug = "False"
		SlnRelativePath = "..\..\..\OneDrive\Документы\My Web Sites\anti-plagiarism\css\"
	EndProjectSection
EndProject
Global
	GlobalSection(SolutionConfigurationPlatforms) = preSolution
		Debug|Any CPU = Debug|Any CPU
	EndGlobalSection
	GlobalSection(ProjectConfigurationPlatforms) = postSolution
		{00F2F942-D816-4384-8892-22E29C76DB5E}.Debug|Any CPU.ActiveCfg = Debug|Any CPU
		{00F2F942-D816-4384-8892-22E29C76DB5E}.Debug|Any CPU.Build.0 = Debug|Any CPU
	EndGlobalSection
	GlobalSection(SolutionProperties) = preSolution
		HideSolutionNode = FALSE
	EndGlobalSection
	GlobalSection(ExtensibilityGlobals) = postSolution
		SolutionGuid = {3ACD319D-8396-4882-9A97-D03B60BB5EB0}
	EndGlobalSection
EndGlobal
