
Microsoft Visual Studio Solution File, Format Version 12.00
# Visual Studio Version 17
VisualStudioVersion = 17.2.32602.215
MinimumVisualStudioVersion = 10.0.40219.1
Project("{9A19103F-16F7-4668-BE54-9A1E7A4F7556}") = "CodeParser", "CodeParser\CodeParser.csproj", "{E157F085-CB90-4E24-986D-92411A535B3F}"
EndProject
Project("{9A19103F-16F7-4668-BE54-9A1E7A4F7556}") = "PlagiarismApp", "PlagiarismApp\PlagiarismApp.csproj", "{466492A3-22EE-473D-813D-9B9B7D8FC306}"
EndProject
Global
	GlobalSection(SolutionConfigurationPlatforms) = preSolution
		Debug|Any CPU = Debug|Any CPU
		Release|Any CPU = Release|Any CPU
	EndGlobalSection
	GlobalSection(ProjectConfigurationPlatforms) = postSolution
		{E157F085-CB90-4E24-986D-92411A535B3F}.Debug|Any CPU.ActiveCfg = Debug|Any CPU
		{E157F085-CB90-4E24-986D-92411A535B3F}.Debug|Any CPU.Build.0 = Debug|Any CPU
		{E157F085-CB90-4E24-986D-92411A535B3F}.Release|Any CPU.ActiveCfg = Release|Any CPU
		{E157F085-CB90-4E24-986D-92411A535B3F}.Release|Any CPU.Build.0 = Release|Any CPU
		{466492A3-22EE-473D-813D-9B9B7D8FC306}.Debug|Any CPU.ActiveCfg = Debug|Any CPU
		{466492A3-22EE-473D-813D-9B9B7D8FC306}.Debug|Any CPU.Build.0 = Debug|Any CPU
		{466492A3-22EE-473D-813D-9B9B7D8FC306}.Release|Any CPU.ActiveCfg = Release|Any CPU
		{466492A3-22EE-473D-813D-9B9B7D8FC306}.Release|Any CPU.Build.0 = Release|Any CPU
	EndGlobalSection
	GlobalSection(SolutionProperties) = preSolution
		HideSolutionNode = FALSE
	EndGlobalSection
	GlobalSection(ExtensibilityGlobals) = postSolution
		SolutionGuid = {A8F05D3F-24A2-4410-9511-A182241520F9}
	EndGlobalSection
EndGlobal
